// !$*UTF8*$!
{
	archiveVersion = 1;
	classes = {
	};
	objectVersion = 46;
	objects = {

/* Begin PBXBuildFile section */
		3BE9693F0DA14AB6BC3AC158 /* libPods-ZeroPush-iOS Tests.a in Frameworks */ = {isa = PBXBuildFile; fileRef = F3643AE1BC094FDD95725C55 /* libPods-ZeroPush-iOS Tests.a */; };
		5628F0F516E6536300E504A2 /* UIKit.framework in Frameworks */ = {isa = PBXBuildFile; fileRef = 5628F0F416E6536300E504A2 /* UIKit.framework */; };
		56F0929616E64FC300C7BBDD /* Foundation.framework in Frameworks */ = {isa = PBXBuildFile; fileRef = 56F0929516E64FC300C7BBDD /* Foundation.framework */; };
		56F0929B16E64FC300C7BBDD /* ZeroPush.h in CopyFiles */ = {isa = PBXBuildFile; fileRef = 56F0929A16E64FC300C7BBDD /* ZeroPush.h */; };
		56F0929D16E64FC300C7BBDD /* ZeroPush.m in Sources */ = {isa = PBXBuildFile; fileRef = 56F0929C16E64FC300C7BBDD /* ZeroPush.m */; };
		BF3E7A9E044A46D1A8FC1237 /* libPods.a in Frameworks */ = {isa = PBXBuildFile; fileRef = 83EC5399078E48BBAEF4040D /* libPods.a */; };
		F835A85019C3636400B9B5D8 /* ZeroPushSpec.m in Sources */ = {isa = PBXBuildFile; fileRef = F835A84F19C3636400B9B5D8 /* ZeroPushSpec.m */; };
		F835A85119C3724300B9B5D8 /* ZeroPush.m in Sources */ = {isa = PBXBuildFile; fileRef = 56F0929C16E64FC300C7BBDD /* ZeroPush.m */; };
		F846088A19C35A50006D19DF /* XCTest.framework in Frameworks */ = {isa = PBXBuildFile; fileRef = F846088919C35A50006D19DF /* XCTest.framework */; };
		F846088B19C35A50006D19DF /* Foundation.framework in Frameworks */ = {isa = PBXBuildFile; fileRef = 56F0929516E64FC300C7BBDD /* Foundation.framework */; };
		F846088C19C35A50006D19DF /* UIKit.framework in Frameworks */ = {isa = PBXBuildFile; fileRef = 5628F0F416E6536300E504A2 /* UIKit.framework */; };
		F846089219C35A51006D19DF /* InfoPlist.strings in Resources */ = {isa = PBXBuildFile; fileRef = F846089019C35A50006D19DF /* InfoPlist.strings */; };
		F885B66219C3874800E35057 /* NSData+HexString.m in Sources */ = {isa = PBXBuildFile; fileRef = F885B66119C3874800E35057 /* NSData+HexString.m */; };
/* End PBXBuildFile section */

/* Begin PBXContainerItemProxy section */
		F846089619C35A51006D19DF /* PBXContainerItemProxy */ = {
			isa = PBXContainerItemProxy;
			containerPortal = 56F0928A16E64FC300C7BBDD /* Project object */;
			proxyType = 1;
			remoteGlobalIDString = 56F0929116E64FC300C7BBDD;
			remoteInfo = "ZeroPush-iOS";
		};
/* End PBXContainerItemProxy section */

/* Begin PBXCopyFilesBuildPhase section */
		56F0929016E64FC300C7BBDD /* CopyFiles */ = {
			isa = PBXCopyFilesBuildPhase;
			buildActionMask = 2147483647;
			dstPath = "include/${PRODUCT_NAME}";
			dstSubfolderSpec = 16;
			files = (
				56F0929B16E64FC300C7BBDD /* ZeroPush.h in CopyFiles */,
			);
			runOnlyForDeploymentPostprocessing = 0;
		};
/* End PBXCopyFilesBuildPhase section */

/* Begin PBXFileReference section */
		5628F0F416E6536300E504A2 /* UIKit.framework */ = {isa = PBXFileReference; lastKnownFileType = wrapper.framework; name = UIKit.framework; path = System/Library/Frameworks/UIKit.framework; sourceTree = SDKROOT; };
		56F0929216E64FC300C7BBDD /* libZeroPush-iOS.a */ = {isa = PBXFileReference; explicitFileType = archive.ar; includeInIndex = 0; path = "libZeroPush-iOS.a"; sourceTree = BUILT_PRODUCTS_DIR; };
		56F0929516E64FC300C7BBDD /* Foundation.framework */ = {isa = PBXFileReference; lastKnownFileType = wrapper.framework; name = Foundation.framework; path = System/Library/Frameworks/Foundation.framework; sourceTree = SDKROOT; };
		56F0929916E64FC300C7BBDD /* ZeroPush-iOS-Prefix.pch */ = {isa = PBXFileReference; lastKnownFileType = sourcecode.c.h; path = "ZeroPush-iOS-Prefix.pch"; sourceTree = "<group>"; };
		56F0929A16E64FC300C7BBDD /* ZeroPush.h */ = {isa = PBXFileReference; lastKnownFileType = sourcecode.c.h; path = ZeroPush.h; sourceTree = "<group>"; };
		56F0929C16E64FC300C7BBDD /* ZeroPush.m */ = {isa = PBXFileReference; lastKnownFileType = sourcecode.c.objc; path = ZeroPush.m; sourceTree = "<group>"; };
		767D406B871E4389B9F0BE8D /* Pods-ZeroPush-iOS Tests.xcconfig */ = {isa = PBXFileReference; includeInIndex = 1; lastKnownFileType = text.xcconfig; name = "Pods-ZeroPush-iOS Tests.xcconfig"; path = "Pods/Pods-ZeroPush-iOS Tests.xcconfig"; sourceTree = "<group>"; };
		83EC5399078E48BBAEF4040D /* libPods.a */ = {isa = PBXFileReference; explicitFileType = archive.ar; includeInIndex = 0; path = libPods.a; sourceTree = BUILT_PRODUCTS_DIR; };
		ED18E9462589407E9E702B4E /* Pods.xcconfig */ = {isa = PBXFileReference; includeInIndex = 1; lastKnownFileType = text.xcconfig; name = Pods.xcconfig; path = Pods/Pods.xcconfig; sourceTree = SOURCE_ROOT; };
		F3643AE1BC094FDD95725C55 /* libPods-ZeroPush-iOS Tests.a */ = {isa = PBXFileReference; explicitFileType = archive.ar; includeInIndex = 0; path = "libPods-ZeroPush-iOS Tests.a"; sourceTree = BUILT_PRODUCTS_DIR; };
		F835A84F19C3636400B9B5D8 /* ZeroPushSpec.m */ = {isa = PBXFileReference; fileEncoding = 4; lastKnownFileType = sourcecode.c.objc; path = ZeroPushSpec.m; sourceTree = "<group>"; };
		F846088819C35A50006D19DF /* ZeroPush-iOS Tests.xctest */ = {isa = PBXFileReference; explicitFileType = wrapper.cfbundle; includeInIndex = 0; path = "ZeroPush-iOS Tests.xctest"; sourceTree = BUILT_PRODUCTS_DIR; };
		F846088919C35A50006D19DF /* XCTest.framework */ = {isa = PBXFileReference; lastKnownFileType = wrapper.framework; name = XCTest.framework; path = Library/Frameworks/XCTest.framework; sourceTree = DEVELOPER_DIR; };
		F846088F19C35A50006D19DF /* ZeroPush-iOS Tests-Info.plist */ = {isa = PBXFileReference; lastKnownFileType = text.plist.xml; path = "ZeroPush-iOS Tests-Info.plist"; sourceTree = "<group>"; };
		F846089119C35A50006D19DF /* en */ = {isa = PBXFileReference; lastKnownFileType = text.plist.strings; name = en; path = en.lproj/InfoPlist.strings; sourceTree = "<group>"; };
		F846089519C35A51006D19DF /* ZeroPush-iOS Tests-Prefix.pch */ = {isa = PBXFileReference; lastKnownFileType = sourcecode.c.h; path = "ZeroPush-iOS Tests-Prefix.pch"; sourceTree = "<group>"; };
		F885B66119C3874800E35057 /* NSData+HexString.m */ = {isa = PBXFileReference; fileEncoding = 4; lastKnownFileType = sourcecode.c.objc; path = "NSData+HexString.m"; sourceTree = "<group>"; };
/* End PBXFileReference section */

/* Begin PBXFrameworksBuildPhase section */
		56F0928F16E64FC300C7BBDD /* Frameworks */ = {
			isa = PBXFrameworksBuildPhase;
			buildActionMask = 2147483647;
			files = (
				5628F0F516E6536300E504A2 /* UIKit.framework in Frameworks */,
				56F0929616E64FC300C7BBDD /* Foundation.framework in Frameworks */,
				BF3E7A9E044A46D1A8FC1237 /* libPods.a in Frameworks */,
			);
			runOnlyForDeploymentPostprocessing = 0;
		};
		F846088519C35A50006D19DF /* Frameworks */ = {
			isa = PBXFrameworksBuildPhase;
			buildActionMask = 2147483647;
			files = (
				F846088A19C35A50006D19DF /* XCTest.framework in Frameworks */,
				F846088C19C35A50006D19DF /* UIKit.framework in Frameworks */,
				F846088B19C35A50006D19DF /* Foundation.framework in Frameworks */,
				3BE9693F0DA14AB6BC3AC158 /* libPods-ZeroPush-iOS Tests.a in Frameworks */,
			);
			runOnlyForDeploymentPostprocessing = 0;
		};
/* End PBXFrameworksBuildPhase section */

/* Begin PBXGroup section */
		56F0928916E64FC300C7BBDD = {
			isa = PBXGroup;
			children = (
				56F0929716E64FC300C7BBDD /* ZeroPush-iOS */,
				F846088D19C35A50006D19DF /* ZeroPush-iOS Tests */,
				56F0929416E64FC300C7BBDD /* Frameworks */,
				56F0929316E64FC300C7BBDD /* Products */,
				ED18E9462589407E9E702B4E /* Pods.xcconfig */,
				767D406B871E4389B9F0BE8D /* Pods-ZeroPush-iOS Tests.xcconfig */,
			);
			sourceTree = "<group>";
		};
		56F0929316E64FC300C7BBDD /* Products */ = {
			isa = PBXGroup;
			children = (
				56F0929216E64FC300C7BBDD /* libZeroPush-iOS.a */,
				F846088819C35A50006D19DF /* ZeroPush-iOS Tests.xctest */,
			);
			name = Products;
			sourceTree = "<group>";
		};
		56F0929416E64FC300C7BBDD /* Frameworks */ = {
			isa = PBXGroup;
			children = (
				56F0929516E64FC300C7BBDD /* Foundation.framework */,
				5628F0F416E6536300E504A2 /* UIKit.framework */,
				83EC5399078E48BBAEF4040D /* libPods.a */,
				F846088919C35A50006D19DF /* XCTest.framework */,
				F3643AE1BC094FDD95725C55 /* libPods-ZeroPush-iOS Tests.a */,
			);
			name = Frameworks;
			sourceTree = "<group>";
		};
		56F0929716E64FC300C7BBDD /* ZeroPush-iOS */ = {
			isa = PBXGroup;
			children = (
				56F0929A16E64FC300C7BBDD /* ZeroPush.h */,
				56F0929C16E64FC300C7BBDD /* ZeroPush.m */,
				56F0929816E64FC300C7BBDD /* Supporting Files */,
			);
			path = "ZeroPush-iOS";
			sourceTree = "<group>";
		};
		56F0929816E64FC300C7BBDD /* Supporting Files */ = {
			isa = PBXGroup;
			children = (
				56F0929916E64FC300C7BBDD /* ZeroPush-iOS-Prefix.pch */,
			);
			name = "Supporting Files";
			sourceTree = "<group>";
		};
		F846088D19C35A50006D19DF /* ZeroPush-iOS Tests */ = {
			isa = PBXGroup;
			children = (
				F885B66119C3874800E35057 /* NSData+HexString.m */,
				F835A84F19C3636400B9B5D8 /* ZeroPushSpec.m */,
				F846088E19C35A50006D19DF /* Supporting Files */,
			);
			path = "ZeroPush-iOS Tests";
			sourceTree = "<group>";
		};
		F846088E19C35A50006D19DF /* Supporting Files */ = {
			isa = PBXGroup;
			children = (
				F846088F19C35A50006D19DF /* ZeroPush-iOS Tests-Info.plist */,
				F846089019C35A50006D19DF /* InfoPlist.strings */,
				F846089519C35A51006D19DF /* ZeroPush-iOS Tests-Prefix.pch */,
			);
			name = "Supporting Files";
			sourceTree = "<group>";
		};
/* End PBXGroup section */

/* Begin PBXNativeTarget section */
		56F0929116E64FC300C7BBDD /* ZeroPush-iOS */ = {
			isa = PBXNativeTarget;
			buildConfigurationList = 56F092A016E64FC300C7BBDD /* Build configuration list for PBXNativeTarget "ZeroPush-iOS" */;
			buildPhases = (
				56F0928E16E64FC300C7BBDD /* Sources */,
				56F0928F16E64FC300C7BBDD /* Frameworks */,
				56F0929016E64FC300C7BBDD /* CopyFiles */,
				E4EB165895D3433381A49000 /* Copy Pods Resources */,
			);
			buildRules = (
			);
			dependencies = (
			);
			name = "ZeroPush-iOS";
			productName = "ZeroPush-iOS";
			productReference = 56F0929216E64FC300C7BBDD /* libZeroPush-iOS.a */;
			productType = "com.apple.product-type.library.static";
		};
		F846088719C35A50006D19DF /* ZeroPush-iOS Tests */ = {
			isa = PBXNativeTarget;
			buildConfigurationList = F846089A19C35A51006D19DF /* Build configuration list for PBXNativeTarget "ZeroPush-iOS Tests" */;
			buildPhases = (
				9C03861ECCE5485DBBC64916 /* Check Pods Manifest.lock */,
				F846088419C35A50006D19DF /* Sources */,
				F846088519C35A50006D19DF /* Frameworks */,
				F846088619C35A50006D19DF /* Resources */,
				889C2535E886442BA91F6638 /* Copy Pods Resources */,
			);
			buildRules = (
			);
			dependencies = (
				F846089719C35A51006D19DF /* PBXTargetDependency */,
			);
			name = "ZeroPush-iOS Tests";
			productName = "ZeroPush-iOS Tests";
			productReference = F846088819C35A50006D19DF /* ZeroPush-iOS Tests.xctest */;
			productType = "com.apple.product-type.bundle.unit-test";
		};
/* End PBXNativeTarget section */

/* Begin PBXProject section */
		56F0928A16E64FC300C7BBDD /* Project object */ = {
			isa = PBXProject;
			attributes = {
				LastUpgradeCheck = 0460;
				ORGANIZATIONNAME = ZeroPush;
				TargetAttributes = {
					F846088719C35A50006D19DF = {
						TestTargetID = 56F0929116E64FC300C7BBDD;
					};
				};
			};
			buildConfigurationList = 56F0928D16E64FC300C7BBDD /* Build configuration list for PBXProject "ZeroPush-iOS" */;
			compatibilityVersion = "Xcode 3.2";
			developmentRegion = English;
			hasScannedForEncodings = 0;
			knownRegions = (
				en,
			);
			mainGroup = 56F0928916E64FC300C7BBDD;
			productRefGroup = 56F0929316E64FC300C7BBDD /* Products */;
			projectDirPath = "";
			projectRoot = "";
			targets = (
				56F0929116E64FC300C7BBDD /* ZeroPush-iOS */,
				F846088719C35A50006D19DF /* ZeroPush-iOS Tests */,
			);
		};
/* End PBXProject section */

/* Begin PBXResourcesBuildPhase section */
		F846088619C35A50006D19DF /* Resources */ = {
			isa = PBXResourcesBuildPhase;
			buildActionMask = 2147483647;
			files = (
				F846089219C35A51006D19DF /* InfoPlist.strings in Resources */,
			);
			runOnlyForDeploymentPostprocessing = 0;
		};
/* End PBXResourcesBuildPhase section */

/* Begin PBXShellScriptBuildPhase section */
		889C2535E886442BA91F6638 /* Copy Pods Resources */ = {
			isa = PBXShellScriptBuildPhase;
			buildActionMask = 2147483647;
			files = (
			);
			inputPaths = (
			);
			name = "Copy Pods Resources";
			outputPaths = (
			);
			runOnlyForDeploymentPostprocessing = 0;
			shellPath = /bin/sh;
			shellScript = "\"${SRCROOT}/Pods/Pods-ZeroPush-iOS Tests-resources.sh\"\n";
			showEnvVarsInLog = 0;
		};
		9C03861ECCE5485DBBC64916 /* Check Pods Manifest.lock */ = {
			isa = PBXShellScriptBuildPhase;
			buildActionMask = 2147483647;
			files = (
			);
			inputPaths = (
			);
			name = "Check Pods Manifest.lock";
			outputPaths = (
			);
			runOnlyForDeploymentPostprocessing = 0;
			shellPath = /bin/sh;
			shellScript = "diff \"${PODS_ROOT}/../Podfile.lock\" \"${PODS_ROOT}/Manifest.lock\" > /dev/null\nif [[ $? != 0 ]] ; then\n    cat << EOM\nerror: The sandbox is not in sync with the Podfile.lock. Run 'pod install' or update your CocoaPods installation.\nEOM\n    exit 1\nfi\n";
			showEnvVarsInLog = 0;
		};
		E4EB165895D3433381A49000 /* Copy Pods Resources */ = {
			isa = PBXShellScriptBuildPhase;
			buildActionMask = 2147483647;
			files = (
			);
			inputPaths = (
			);
			name = "Copy Pods Resources";
			outputPaths = (
			);
			runOnlyForDeploymentPostprocessing = 0;
			shellPath = /bin/sh;
			shellScript = "\"${SRCROOT}/Pods/Pods-resources.sh\"\n";
		};
/* End PBXShellScriptBuildPhase section */

/* Begin PBXSourcesBuildPhase section */
		56F0928E16E64FC300C7BBDD /* Sources */ = {
			isa = PBXSourcesBuildPhase;
			buildActionMask = 2147483647;
			files = (
				56F0929D16E64FC300C7BBDD /* ZeroPush.m in Sources */,
			);
			runOnlyForDeploymentPostprocessing = 0;
		};
		F846088419C35A50006D19DF /* Sources */ = {
			isa = PBXSourcesBuildPhase;
			buildActionMask = 2147483647;
			files = (
				F835A85019C3636400B9B5D8 /* ZeroPushSpec.m in Sources */,
				F835A85119C3724300B9B5D8 /* ZeroPush.m in Sources */,
				F885B66219C3874800E35057 /* NSData+HexString.m in Sources */,
			);
			runOnlyForDeploymentPostprocessing = 0;
		};
/* End PBXSourcesBuildPhase section */

/* Begin PBXTargetDependency section */
		F846089719C35A51006D19DF /* PBXTargetDependency */ = {
			isa = PBXTargetDependency;
			target = 56F0929116E64FC300C7BBDD /* ZeroPush-iOS */;
			targetProxy = F846089619C35A51006D19DF /* PBXContainerItemProxy */;
		};
/* End PBXTargetDependency section */

/* Begin PBXVariantGroup section */
		F846089019C35A50006D19DF /* InfoPlist.strings */ = {
			isa = PBXVariantGroup;
			children = (
				F846089119C35A50006D19DF /* en */,
			);
			name = InfoPlist.strings;
			sourceTree = "<group>";
		};
/* End PBXVariantGroup section */

/* Begin XCBuildConfiguration section */
		56F0929E16E64FC300C7BBDD /* Debug */ = {
			isa = XCBuildConfiguration;
			buildSettings = {
				ALWAYS_SEARCH_USER_PATHS = NO;
				CLANG_CXX_LANGUAGE_STANDARD = "gnu++0x";
				CLANG_CXX_LIBRARY = "libc++";
				CLANG_ENABLE_OBJC_ARC = YES;
				CLANG_WARN_CONSTANT_CONVERSION = YES;
				CLANG_WARN_EMPTY_BODY = YES;
				CLANG_WARN_ENUM_CONVERSION = YES;
				CLANG_WARN_INT_CONVERSION = YES;
				CLANG_WARN__DUPLICATE_METHOD_MATCH = YES;
				COPY_PHASE_STRIP = NO;
				GCC_C_LANGUAGE_STANDARD = gnu99;
				GCC_DYNAMIC_NO_PIC = NO;
				GCC_OPTIMIZATION_LEVEL = 0;
				GCC_PREPROCESSOR_DEFINITIONS = (
					"DEBUG=1",
					"$(inherited)",
				);
				GCC_SYMBOLS_PRIVATE_EXTERN = NO;
				GCC_WARN_ABOUT_RETURN_TYPE = YES;
				GCC_WARN_UNINITIALIZED_AUTOS = YES;
				GCC_WARN_UNUSED_VARIABLE = YES;
				IPHONEOS_DEPLOYMENT_TARGET = 6.1;
				ONLY_ACTIVE_ARCH = YES;
				SDKROOT = iphoneos;
			};
			name = Debug;
		};
		56F0929F16E64FC300C7BBDD /* Release */ = {
			isa = XCBuildConfiguration;
			buildSettings = {
				ALWAYS_SEARCH_USER_PATHS = NO;
				CLANG_CXX_LANGUAGE_STANDARD = "gnu++0x";
				CLANG_CXX_LIBRARY = "libc++";
				CLANG_ENABLE_OBJC_ARC = YES;
				CLANG_WARN_CONSTANT_CONVERSION = YES;
				CLANG_WARN_EMPTY_BODY = YES;
				CLANG_WARN_ENUM_CONVERSION = YES;
				CLANG_WARN_INT_CONVERSION = YES;
				CLANG_WARN__DUPLICATE_METHOD_MATCH = YES;
				COPY_PHASE_STRIP = YES;
				GCC_C_LANGUAGE_STANDARD = gnu99;
				GCC_WARN_ABOUT_RETURN_TYPE = YES;
				GCC_WARN_UNINITIALIZED_AUTOS = YES;
				GCC_WARN_UNUSED_VARIABLE = YES;
				IPHONEOS_DEPLOYMENT_TARGET = 6.1;
				SDKROOT = iphoneos;
				VALIDATE_PRODUCT = YES;
			};
			name = Release;
		};
		56F092A116E64FC300C7BBDD /* Debug */ = {
			isa = XCBuildConfiguration;
			baseConfigurationReference = ED18E9462589407E9E702B4E /* Pods.xcconfig */;
			buildSettings = {
				DSTROOT = /tmp/ZeroPush_iOS.dst;
				GCC_PRECOMPILE_PREFIX_HEADER = YES;
				GCC_PREFIX_HEADER = "ZeroPush-iOS/ZeroPush-iOS-Prefix.pch";
				OTHER_LDFLAGS = "$(inherited)";
				PRODUCT_NAME = "$(TARGET_NAME)";
				SKIP_INSTALL = YES;
			};
			name = Debug;
		};
		56F092A216E64FC300C7BBDD /* Release */ = {
			isa = XCBuildConfiguration;
			baseConfigurationReference = ED18E9462589407E9E702B4E /* Pods.xcconfig */;
			buildSettings = {
				DSTROOT = /tmp/ZeroPush_iOS.dst;
				GCC_PRECOMPILE_PREFIX_HEADER = YES;
				GCC_PREFIX_HEADER = "ZeroPush-iOS/ZeroPush-iOS-Prefix.pch";
				OTHER_LDFLAGS = "$(inherited)";
				PRODUCT_NAME = "$(TARGET_NAME)";
				SKIP_INSTALL = YES;
			};
			name = Release;
		};
		F846089819C35A51006D19DF /* Debug */ = {
			isa = XCBuildConfiguration;
			baseConfigurationReference = 767D406B871E4389B9F0BE8D /* Pods-ZeroPush-iOS Tests.xcconfig */;
			buildSettings = {
				BUNDLE_LOADER = "";
				CLANG_ENABLE_MODULES = YES;
				CLANG_WARN_BOOL_CONVERSION = YES;
				CLANG_WARN_DIRECT_OBJC_ISA_USAGE = YES_ERROR;
				CLANG_WARN_OBJC_ROOT_CLASS = YES_ERROR;
				FRAMEWORK_SEARCH_PATHS = (
					"$(SDKROOT)/Developer/Library/Frameworks",
					"$(inherited)",
					"$(DEVELOPER_FRAMEWORKS_DIR)",
				);
				GCC_PRECOMPILE_PREFIX_HEADER = YES;
				GCC_PREFIX_HEADER = "ZeroPush-iOS Tests/ZeroPush-iOS Tests-Prefix.pch";
				GCC_PREPROCESSOR_DEFINITIONS = (
					"DEBUG=1",
					"$(inherited)",
				);
				GCC_WARN_64_TO_32_BIT_CONVERSION = YES;
				GCC_WARN_ABOUT_RETURN_TYPE = YES_ERROR;
				GCC_WARN_UNDECLARED_SELECTOR = YES;
				GCC_WARN_UNINITIALIZED_AUTOS = YES_AGGRESSIVE;
				GCC_WARN_UNUSED_FUNCTION = YES;
				INFOPLIST_FILE = "ZeroPush-iOS Tests/ZeroPush-iOS Tests-Info.plist";
				IPHONEOS_DEPLOYMENT_TARGET = 7.1;
				PRODUCT_NAME = "$(TARGET_NAME)";
				TEST_HOST = "";
				WRAPPER_EXTENSION = xctest;
			};
			name = Debug;
		};
		F846089919C35A51006D19DF /* Release */ = {
			isa = XCBuildConfiguration;
			baseConfigurationReference = 767D406B871E4389B9F0BE8D /* Pods-ZeroPush-iOS Tests.xcconfig */;
			buildSettings = {
				BUNDLE_LOADER = "";
				CLANG_ENABLE_MODULES = YES;
				CLANG_WARN_BOOL_CONVERSION = YES;
				CLANG_WARN_DIRECT_OBJC_ISA_USAGE = YES_ERROR;
				CLANG_WARN_OBJC_ROOT_CLASS = YES_ERROR;
				ENABLE_NS_ASSERTIONS = NO;
				FRAMEWORK_SEARCH_PATHS = (
					"$(SDKROOT)/Developer/Library/Frameworks",
					"$(inherited)",
					"$(DEVELOPER_FRAMEWORKS_DIR)",
				);
				GCC_PRECOMPILE_PREFIX_HEADER = YES;
				GCC_PREFIX_HEADER = "ZeroPush-iOS Tests/ZeroPush-iOS Tests-Prefix.pch";
				GCC_WARN_64_TO_32_BIT_CONVERSION = YES;
				GCC_WARN_ABOUT_RETURN_TYPE = YES_ERROR;
				GCC_WARN_UNDECLARED_SELECTOR = YES;
				GCC_WARN_UNINITIALIZED_AUTOS = YES_AGGRESSIVE;
				GCC_WARN_UNUSED_FUNCTION = YES;
				INFOPLIST_FILE = "ZeroPush-iOS Tests/ZeroPush-iOS Tests-Info.plist";
				IPHONEOS_DEPLOYMENT_TARGET = 7.1;
				PRODUCT_NAME = "$(TARGET_NAME)";
				TEST_HOST = "";
				WRAPPER_EXTENSION = xctest;
			};
			name = Release;
		};
/* End XCBuildConfiguration section */

/* Begin XCConfigurationList section */
		56F0928D16E64FC300C7BBDD /* Build configuration list for PBXProject "ZeroPush-iOS" */ = {
			isa = XCConfigurationList;
			buildConfigurations = (
				56F0929E16E64FC300C7BBDD /* Debug */,
				56F0929F16E64FC300C7BBDD /* Release */,
			);
			defaultConfigurationIsVisible = 0;
			defaultConfigurationName = Release;
		};
		56F092A016E64FC300C7BBDD /* Build configuration list for PBXNativeTarget "ZeroPush-iOS" */ = {
			isa = XCConfigurationList;
			buildConfigurations = (
				56F092A116E64FC300C7BBDD /* Debug */,
				56F092A216E64FC300C7BBDD /* Release */,
			);
			defaultConfigurationIsVisible = 0;
			defaultConfigurationName = Release;
		};
		F846089A19C35A51006D19DF /* Build configuration list for PBXNativeTarget "ZeroPush-iOS Tests" */ = {
			isa = XCConfigurationList;
			buildConfigurations = (
				F846089819C35A51006D19DF /* Debug */,
				F846089919C35A51006D19DF /* Release */,
			);
			defaultConfigurationIsVisible = 0;
			defaultConfigurationName = Release;
		};
/* End XCConfigurationList section */
	};
	rootObject = 56F0928A16E64FC300C7BBDD /* Project object */;
}
